
Microsoft Visual Studio Solution File, Format Version 12.00
# Visual Studio Version 17
VisualStudioVersion = 17.3.32929.385
MinimumVisualStudioVersion = 10.0.40219.1
Project("{FAE04EC0-301F-11D3-BF4B-00C04F79EFBC}") = "ProductPromotion", "ProductPromotion\ProductPromotion.csproj", "{59DCDA8D-CCA3-452A-A05D-33FBC1530A88}"
EndProject
Global
	GlobalSection(SolutionConfigurationPlatforms) = preSolution
		Debug|Any CPU = Debug|Any CPU
		Release|Any CPU = Release|Any CPU
	EndGlobalSection
	GlobalSection(ProjectConfigurationPlatforms) = postSolution
		{59DCDA8D-CCA3-452A-A05D-33FBC1530A88}.Debug|Any CPU.ActiveCfg = Debug|Any CPU
		{59DCDA8D-CCA3-452A-A05D-33FBC1530A88}.Debug|Any CPU.Build.0 = Debug|Any CPU
		{59DCDA8D-CCA3-452A-A05D-33FBC1530A88}.Release|Any CPU.ActiveCfg = Release|Any CPU
		{59DCDA8D-CCA3-452A-A05D-33FBC1530A88}.Release|Any CPU.Build.0 = Release|Any CPU
	EndGlobalSection
	GlobalSection(SolutionProperties) = preSolution
		HideSolutionNode = FALSE
	EndGlobalSection
	GlobalSection(ExtensibilityGlobals) = postSolution
		SolutionGuid = {49EA0B36-D83B-4F45-B530-98D507E30C18}
	EndGlobalSection
EndGlobal
